PODS:
  - Quick (0.9.3)
  - UITextField-Navigation (3.0.0)

DEPENDENCIES:
  - Quick (from `https://github.com/Quick/Quick.git`, branch `swift-3.0`)
  - UITextField-Navigation (from `../`)

EXTERNAL SOURCES:
  Quick:
    :branch: swift-3.0
    :git: https://github.com/Quick/Quick.git
  UITextField-Navigation:
    :path: ../

CHECKOUT OPTIONS:
  Quick:
    :commit: 8f2bc636ecfa2cc20696f62548b38d4ab943e299
    :git: https://github.com/Quick/Quick.git

SPEC CHECKSUMS:
  Quick: 31fb576b6cbb6b028cc5e0016e4366accbb346f5
  UITextField-Navigation: 681dcdf4041ca35ab20e21e3028e6b24b178a1f2

PODFILE CHECKSUM: 6ae7cb214873fdf76cb06499d14e945509731cc7

COCOAPODS: 1.2.0
