PODS:
  - Quick (0.9.3)
  - UITextField-Navigation (2.0.0)

DEPENDENCIES:
  - Quick (from `https://github.com/Quick/Quick.git`, branch `swift-3.0`)
  - UITextField-Navigation (from `../`)

EXTERNAL SOURCES:
  Quick:
    :branch: swift-3.0
    :git: https://github.com/Quick/Quick.git
  UITextField-Navigation:
    :path: ../

CHECKOUT OPTIONS:
  Quick:
    :commit: 8f2bc636ecfa2cc20696f62548b38d4ab943e299
    :git: https://github.com/Quick/Quick.git

SPEC CHECKSUMS:
  Quick: 31fb576b6cbb6b028cc5e0016e4366accbb346f5
  UITextField-Navigation: 8c1b614136dc07f5f3cc43de63d79fb515c81206

PODFILE CHECKSUM: b49cbc13310840ee693f6d55f0aafb14797cce37

COCOAPODS: 1.0.1
