PODS:
  - Quick (2.0.0)
  - UITextField-Navigation (4.2)

DEPENDENCIES:
  - Quick (= 2.0.0)
  - UITextField-Navigation (from `../`)

SPEC REPOS:
  https://github.com/cocoapods/specs.git:
    - Quick

EXTERNAL SOURCES:
  UITextField-Navigation:
    :path: "../"

SPEC CHECKSUMS:
  Quick: ce1276c7c27ba2da3cb2fd0cde053c3648b3b22d
  UITextField-Navigation: 25c2614b41096ade830fe015961dd2dbc4e108cb

PODFILE CHECKSUM: 02dca4a1bc4eb41400a3961e25460dcc8a8dbc22

COCOAPODS: 1.6.0
